
Microsoft Visual Studio Solution File, Format Version 12.00
# Visual Studio Version 17
VisualStudioVersion = 17.0.31903.59
MinimumVisualStudioVersion = 10.0.40219.1
Project("{9A19103F-16F7-4668-BE54-9A1E7A4F7556}") = "EntityGeneratorCLI", "EntityGeneratorCLI\EntityGeneratorCLI.csproj", "{D93F0754-F959-4F17-BF1F-5AC2E2E6A5CF}"
EndProject
Project("{9A19103F-16F7-4668-BE54-9A1E7A4F7556}") = "EntityGenerator", "EntityGenerator\EntityGenerator.csproj", "{AD9018F8-2556-45F3-9F55-746B623612DE}"
EndProject
Project("{FAE04EC0-301F-11D3-BF4B-00C04F79EFBC}") = "EntityGeneratorTests", "EntityGeneratorTests\EntityGeneratorTests.csproj", "{8E62E21C-BE2F-4303-B882-CF0F81D11A45}"
EndProject
Project("{00D1A9C2-B5F0-4AF3-8072-F6C62B433612}") = "EntityGeneratorTestDatabase", "EntityGeneratorTestDatabase\EntityGeneratorTestDatabase.sqlproj", "{C8A05E80-82BD-400A-B8AF-598D2113B6C9}"
EndProject
Global
	GlobalSection(SolutionConfigurationPlatforms) = preSolution
		Debug|Any CPU = Debug|Any CPU
		Release|Any CPU = Release|Any CPU
	EndGlobalSection
	GlobalSection(ProjectConfigurationPlatforms) = postSolution
		{D93F0754-F959-4F17-BF1F-5AC2E2E6A5CF}.Debug|Any CPU.ActiveCfg = Debug|Any CPU
		{D93F0754-F959-4F17-BF1F-5AC2E2E6A5CF}.Debug|Any CPU.Build.0 = Debug|Any CPU
		{D93F0754-F959-4F17-BF1F-5AC2E2E6A5CF}.Release|Any CPU.ActiveCfg = Release|Any CPU
		{D93F0754-F959-4F17-BF1F-5AC2E2E6A5CF}.Release|Any CPU.Build.0 = Release|Any CPU
		{AD9018F8-2556-45F3-9F55-746B623612DE}.Debug|Any CPU.ActiveCfg = Debug|Any CPU
		{AD9018F8-2556-45F3-9F55-746B623612DE}.Debug|Any CPU.Build.0 = Debug|Any CPU
		{AD9018F8-2556-45F3-9F55-746B623612DE}.Release|Any CPU.ActiveCfg = Release|Any CPU
		{AD9018F8-2556-45F3-9F55-746B623612DE}.Release|Any CPU.Build.0 = Release|Any CPU
		{8E62E21C-BE2F-4303-B882-CF0F81D11A45}.Debug|Any CPU.ActiveCfg = Debug|Any CPU
		{8E62E21C-BE2F-4303-B882-CF0F81D11A45}.Debug|Any CPU.Build.0 = Debug|Any CPU
		{8E62E21C-BE2F-4303-B882-CF0F81D11A45}.Release|Any CPU.ActiveCfg = Release|Any CPU
		{8E62E21C-BE2F-4303-B882-CF0F81D11A45}.Release|Any CPU.Build.0 = Release|Any CPU
		{C8A05E80-82BD-400A-B8AF-598D2113B6C9}.Debug|Any CPU.ActiveCfg = Debug|Any CPU
		{C8A05E80-82BD-400A-B8AF-598D2113B6C9}.Debug|Any CPU.Deploy.0 = Debug|Any CPU
		{C8A05E80-82BD-400A-B8AF-598D2113B6C9}.Release|Any CPU.ActiveCfg = Release|Any CPU
		{C8A05E80-82BD-400A-B8AF-598D2113B6C9}.Release|Any CPU.Deploy.0 = Release|Any CPU
	EndGlobalSection
	GlobalSection(SolutionProperties) = preSolution
		HideSolutionNode = FALSE
	EndGlobalSection
	GlobalSection(ExtensibilityGlobals) = postSolution
		SolutionGuid = {318C5721-CE63-42F3-93FA-E63D0E6BB05B}
	EndGlobalSection
EndGlobal
